{
  "nodes": {
    "chorcy": {
      "inputs": {
        "nixpkgs": [
          "nixpkgs"
        ]
      },
      "locked": {
        "lastModified": 1783342728,
        "narHash": "sha256-qNVdrLgIZstRtzGavmXxU3WzD1TOOjSIn1GegmCq1Ec=",
        "ref": "refs/heads/main",
        "rev": "8de03abe93ec2db70987c09d359c224d68127b13",
        "revCount": 14,
        "type": "git",
        "url": "ssh://git@codeberg.org/briansbum/chorcy.git"
      },
      "original": {
        "type": "git",
        "url": "ssh://git@codeberg.org/briansbum/chorcy.git"
      }
    },
    "claude-code": {
      "inputs": {
        "flake-utils": "flake-utils",
        "nixpkgs": "nixpkgs"
      },
      "locked": {
        "lastModified": 1783124463,
        "narHash": "sha256-rIawyN3+D9uqGmoYpTLZ2D6PYEp8xPykto8Uu+ER830=",
        "owner": "sadjow",
        "repo": "claude-code-nix",
        "rev": "9b05ec91a00ee8edea17b9279d55a5c1f084d754",
        "type": "github"
      },
      "original": {
        "owner": "sadjow",
        "repo": "claude-code-nix",
        "type": "github"
      }
    },
    "disko": {
      "inputs": {
        "nixpkgs": [
          "nixpkgs"
        ]
      },
      "locked": {
        "lastModified": 1781152676,
        "narHash": "sha256-RxWs5ND31KzTG7wvMM+PMfUjyNpmIEr999lqNARaM5o=",
        "owner": "nix-community",
        "repo": "disko",
        "rev": "ff8702b4de27f72b4c78573dfb89ec74e36abdf1",
        "type": "github"
      },
      "original": {
        "owner": "nix-community",
        "repo": "disko",
        "type": "github"
      }
    },
    "flake-parts": {
      "inputs": {
        "nixpkgs-lib": [
          "nixvim",
          "nixpkgs"
        ]
      },
      "locked": {
        "lastModified": 1782949081,
        "narHash": "sha256-vp6Y/Grm98ESt6ceOkWiHWyZRDV3J1RID4w+6NWK9yA=",
        "owner": "hercules-ci",
        "repo": "flake-parts",
        "rev": "17c9d6cdfc60c64f4ee8d306f9bc0b4ccb51481e",
        "type": "github"
      },
      "original": {
        "owner": "hercules-ci",
        "repo": "flake-parts",
        "type": "github"
      }
    },
    "flake-utils": {
      "inputs": {
        "systems": "systems"
      },
      "locked": {
        "lastModified": 1731533236,
        "narHash": "sha256-l0KFg5HjrsfsO/JpG+r7fRrqm12kzFHyUHqHCVpMMbI=",
        "owner": "numtide",
        "repo": "flake-utils",
        "rev": "11707dc2f618dd54ca8739b309ec4fc024de578b",
        "type": "github"
      },
      "original": {
        "owner": "numtide",
        "repo": "flake-utils",
        "type": "github"
      }
    },
    "home-manager": {
      "inputs": {
        "nixpkgs": [
          "nixpkgs"
        ]
      },
      "locked": {
        "lastModified": 1783222121,
        "narHash": "sha256-E/ElL373TO8lQ2aMvYyzN+k4xkVaUGoRqoa8AtM71tI=",
        "owner": "nix-community",
        "repo": "home-manager",
        "rev": "a1645f40777620c4bd2b6d854b290c2fc354a266",
        "type": "github"
      },
      "original": {
        "owner": "nix-community",
        "repo": "home-manager",
        "type": "github"
      }
    },
    "nix-darwin": {
      "inputs": {
        "nixpkgs": [
          "nixpkgs"
        ]
      },
      "locked": {
        "lastModified": 1781761792,
        "narHash": "sha256-rCPytmKNjctLloB6UgK5CRrHSwV4b0ygxtJLPPp8R14=",
        "owner": "nix-darwin",
        "repo": "nix-darwin",
        "rev": "a1fa429e945becaf60468600daf649be4ba0350c",
        "type": "github"
      },
      "original": {
        "owner": "nix-darwin",
        "ref": "master",
        "repo": "nix-darwin",
        "type": "github"
      }
    },
    "nix-software-center": {
      "inputs": {
        "nixos-appstream-data": "nixos-appstream-data",
        "nixpkgs": [
          "nixpkgs"
        ],
        "utils": "utils"
      },
      "locked": {
        "lastModified": 1771143544,
        "narHash": "sha256-hnApcv/55630/y7MPU7zgWYSStxj9IpnEfgxl/qpLj0=",
        "owner": "snowfallorg",
        "repo": "nix-software-center",
        "rev": "181c1c61eab79130879257550dba0b36bd6bb8c9",
        "type": "github"
      },
      "original": {
        "owner": "snowfallorg",
        "repo": "nix-software-center",
        "type": "github"
      }
    },
    "nixos-appstream-data": {
      "inputs": {
        "flake-utils": [
          "nix-software-center",
          "utils"
        ],
        "nixpkgs": [
          "nix-software-center",
          "nixpkgs"
        ]
      },
      "locked": {
        "lastModified": 1712858390,
        "narHash": "sha256-XE7gr+zU3N4SHPAhsgk8cVAFp1iBg+Lxxp3y4dUF1vE=",
        "owner": "korfuri",
        "repo": "nixos-appstream-data",
        "rev": "0465d42a4433faa63b7a5eb0b8d397937c9fc13a",
        "type": "github"
      },
      "original": {
        "owner": "korfuri",
        "ref": "flake",
        "repo": "nixos-appstream-data",
        "type": "github"
      }
    },
    "nixpkgs": {
      "locked": {
        "lastModified": 1782948114,
        "narHash": "sha256-AXmz9ho4Lud5CsbrZsuSVwpQZ4o5FgZ1chxBn5cJ8+0=",
        "owner": "NixOS",
        "repo": "nixpkgs",
        "rev": "9e92285f211dad236540fd617d7e30e0b99bc0e1",
        "type": "github"
      },
      "original": {
        "owner": "NixOS",
        "ref": "nixpkgs-unstable",
        "repo": "nixpkgs",
        "type": "github"
      }
    },
    "nixpkgs_2": {
      "locked": {
        "lastModified": 1783224372,
        "narHash": "sha256-8i/87eeoqiGE4yOTjwSA3Eh/ziJRQEmd/unYU+K27sk=",
        "owner": "NixOS",
        "repo": "nixpkgs",
        "rev": "d407951447dcd00442e97087bf374aad70c04cea",
        "type": "github"
      },
      "original": {
        "owner": "NixOS",
        "ref": "nixos-unstable",
        "repo": "nixpkgs",
        "type": "github"
      }
    },
    "nixpkgs_3": {
      "locked": {
        "lastModified": 1783214977,
        "narHash": "sha256-0lkauQbtrljJqwtzTCILPAiHAJyMvn6XDo264moDv30=",
        "owner": "NixOS",
        "repo": "nixpkgs",
        "rev": "6edbf1a6a03e75886a6609c088801a0856449e88",
        "type": "github"
      },
      "original": {
        "owner": "NixOS",
        "ref": "nixpkgs-unstable",
        "repo": "nixpkgs",
        "type": "github"
      }
    },
    "nixvim": {
      "inputs": {
        "flake-parts": "flake-parts",
        "nixpkgs": "nixpkgs_3",
        "systems": "systems_3"
      },
      "locked": {
        "lastModified": 1783263374,
        "narHash": "sha256-JM0KZ9qqavwQ0JMNfUUUk6FpXCLwWD5byad9j6hAWFU=",
        "owner": "nix-community",
        "repo": "nixvim",
        "rev": "8a95c224e3a1b130ec5c18e612b80995e7b418ac",
        "type": "github"
      },
      "original": {
        "owner": "nix-community",
        "repo": "nixvim",
        "type": "github"
      }
    },
    "recipe-import-src": {
      "flake": false,
      "locked": {
        "lastModified": 1774972715,
        "narHash": "sha256-dCS4pU/NruN4PgAfQduE4TIq35RMbf7iSqaCU2uQiXA=",
        "path": "/home/alex/recipe-import",
        "type": "path"
      },
      "original": {
        "path": "/home/alex/recipe-import",
        "type": "path"
      }
    },
    "root": {
      "inputs": {
        "chorcy": "chorcy",
        "claude-code": "claude-code",
        "disko": "disko",
        "home-manager": "home-manager",
        "nix-darwin": "nix-darwin",
        "nix-software-center": "nix-software-center",
        "nixpkgs": "nixpkgs_2",
        "nixvim": "nixvim",
        "recipe-import-src": "recipe-import-src",
        "sops-nix": "sops-nix"
      }
    },
    "sops-nix": {
      "inputs": {
        "nixpkgs": [
          "nixpkgs"
        ]
      },
      "locked": {
        "lastModified": 1783174389,
        "narHash": "sha256-aCWC8ngycU7OdJrU2+Je3qf+1a2ykuBvpPhZT/9tXMc=",
        "owner": "Mic92",
        "repo": "sops-nix",
        "rev": "f1406619a3884cd5c47992a70b8b35c9c0fcb4c9",
        "type": "github"
      },
      "original": {
        "owner": "Mic92",
        "repo": "sops-nix",
        "type": "github"
      }
    },
    "systems": {
      "locked": {
        "lastModified": 1681028828,
        "narHash": "sha256-Vy1rq5AaRuLzOxct8nz4T6wlgyUR7zLU309k9mBC768=",
        "owner": "nix-systems",
        "repo": "default",
        "rev": "da67096a3b9bf56a91d16901293e51ba5b49a27e",
        "type": "github"
      },
      "original": {
        "owner": "nix-systems",
        "repo": "default",
        "type": "github"
      }
    },
    "systems_2": {
      "locked": {
        "lastModified": 1681028828,
        "narHash": "sha256-Vy1rq5AaRuLzOxct8nz4T6wlgyUR7zLU309k9mBC768=",
        "owner": "nix-systems",
        "repo": "default",
        "rev": "da67096a3b9bf56a91d16901293e51ba5b49a27e",
        "type": "github"
      },
      "original": {
        "owner": "nix-systems",
        "repo": "default",
        "type": "github"
      }
    },
    "systems_3": {
      "locked": {
        "lastModified": 1774449309,
        "narHash": "sha256-brhZ8DmuGtzkCYHJg4HEd602amKm89Y9ytsFZ5uWD1w=",
        "owner": "nix-systems",
        "repo": "default",
        "rev": "c29398b59d2048c4ab79345812849c9bd15e9150",
        "type": "github"
      },
      "original": {
        "owner": "nix-systems",
        "ref": "future-26.11",
        "repo": "default",
        "type": "github"
      }
    },
    "utils": {
      "inputs": {
        "systems": "systems_2"
      },
      "locked": {
        "lastModified": 1731533236,
        "narHash": "sha256-l0KFg5HjrsfsO/JpG+r7fRrqm12kzFHyUHqHCVpMMbI=",
        "owner": "numtide",
        "repo": "flake-utils",
        "rev": "11707dc2f618dd54ca8739b309ec4fc024de578b",
        "type": "github"
      },
      "original": {
        "owner": "numtide",
        "repo": "flake-utils",
        "type": "github"
      }
    }
  },
  "root": "root",
  "version": 7
}
